// !$*UTF8*$!
{
	archiveVersion = 1;
	classes = {
	};
	objectVersion = 50;
	objects = {

/* Begin PBXBuildFile section */
		98BDE952267A4AD10051DD85 /* AppDelegate.swift in Sources */ = {isa = PBXBuildFile; fileRef = 98BDE951267A4AD10051DD85 /* AppDelegate.swift */; };
		98BDE954267A4AD10051DD85 /* SceneDelegate.swift in Sources */ = {isa = PBXBuildFile; fileRef = 98BDE953267A4AD10051DD85 /* SceneDelegate.swift */; };
		98BDE956267A4AD10051DD85 /* ViewController.swift in Sources */ = {isa = PBXBuildFile; fileRef = 98BDE955267A4AD10051DD85 /* ViewController.swift */; };
		98BDE959267A4AD10051DD85 /* Main.storyboard in Resources */ = {isa = PBXBuildFile; fileRef = 98BDE957267A4AD10051DD85 /* Main.storyboard */; };
		98BDE95B267A4AD40051DD85 /* Assets.xcassets in Resources */ = {isa = PBXBuildFile; fileRef = 98BDE95A267A4AD40051DD85 /* Assets.xcassets */; };
		98BDE95E267A4AD40051DD85 /* LaunchScreen.storyboard in Resources */ = {isa = PBXBuildFile; fileRef = 98BDE95C267A4AD40051DD85 /* LaunchScreen.storyboard */; };
		98BDE969267A4AD40051DD85 /* leboncoinTests.swift in Sources */ = {isa = PBXBuildFile; fileRef = 98BDE968267A4AD40051DD85 /* leboncoinTests.swift */; };
		98BDE974267A4AD40051DD85 /* leboncoinUITests.swift in Sources */ = {isa = PBXBuildFile; fileRef = 98BDE973267A4AD40051DD85 /* leboncoinUITests.swift */; };
		98BDE987267A4C440051DD85 /* CategoriesPresenter.swift in Sources */ = {isa = PBXBuildFile; fileRef = 98BDE981267A4C440051DD85 /* CategoriesPresenter.swift */; };
		98BDE988267A4C440051DD85 /* CategoriesWorker.swift in Sources */ = {isa = PBXBuildFile; fileRef = 98BDE982267A4C440051DD85 /* CategoriesWorker.swift */; };
		98BDE989267A4C440051DD85 /* CategoriesRouter.swift in Sources */ = {isa = PBXBuildFile; fileRef = 98BDE983267A4C440051DD85 /* CategoriesRouter.swift */; };
		98BDE98A267A4C440051DD85 /* CategoriesModels.swift in Sources */ = {isa = PBXBuildFile; fileRef = 98BDE984267A4C440051DD85 /* CategoriesModels.swift */; };
		98BDE98B267A4C440051DD85 /* CategoriesViewController.swift in Sources */ = {isa = PBXBuildFile; fileRef = 98BDE985267A4C440051DD85 /* CategoriesViewController.swift */; };
		98BDE98C267A4C440051DD85 /* CategoriesInteractor.swift in Sources */ = {isa = PBXBuildFile; fileRef = 98BDE986267A4C440051DD85 /* CategoriesInteractor.swift */; };
/* End PBXBuildFile section */

/* Begin PBXContainerItemProxy section */
		98BDE965267A4AD40051DD85 /* PBXContainerItemProxy */ = {
			isa = PBXContainerItemProxy;
			containerPortal = 98BDE946267A4AD10051DD85 /* Project object */;
			proxyType = 1;
			remoteGlobalIDString = 98BDE94D267A4AD10051DD85;
			remoteInfo = leboncoin;
		};
		98BDE970267A4AD40051DD85 /* PBXContainerItemProxy */ = {
			isa = PBXContainerItemProxy;
			containerPortal = 98BDE946267A4AD10051DD85 /* Project object */;
			proxyType = 1;
			remoteGlobalIDString = 98BDE94D267A4AD10051DD85;
			remoteInfo = leboncoin;
		};
/* End PBXContainerItemProxy section */

/* Begin PBXFileReference section */
		98BDE94E267A4AD10051DD85 /* leboncoin.app */ = {isa = PBXFileReference; explicitFileType = wrapper.application; includeInIndex = 0; path = leboncoin.app; sourceTree = BUILT_PRODUCTS_DIR; };
		98BDE951267A4AD10051DD85 /* AppDelegate.swift */ = {isa = PBXFileReference; lastKnownFileType = sourcecode.swift; path = AppDelegate.swift; sourceTree = "<group>"; };
		98BDE953267A4AD10051DD85 /* SceneDelegate.swift */ = {isa = PBXFileReference; lastKnownFileType = sourcecode.swift; path = SceneDelegate.swift; sourceTree = "<group>"; };
		98BDE955267A4AD10051DD85 /* ViewController.swift */ = {isa = PBXFileReference; lastKnownFileType = sourcecode.swift; path = ViewController.swift; sourceTree = "<group>"; };
		98BDE958267A4AD10051DD85 /* Base */ = {isa = PBXFileReference; lastKnownFileType = file.storyboard; name = Base; path = Base.lproj/Main.storyboard; sourceTree = "<group>"; };
		98BDE95A267A4AD40051DD85 /* Assets.xcassets */ = {isa = PBXFileReference; lastKnownFileType = folder.assetcatalog; path = Assets.xcassets; sourceTree = "<group>"; };
		98BDE95D267A4AD40051DD85 /* Base */ = {isa = PBXFileReference; lastKnownFileType = file.storyboard; name = Base; path = Base.lproj/LaunchScreen.storyboard; sourceTree = "<group>"; };
		98BDE95F267A4AD40051DD85 /* Info.plist */ = {isa = PBXFileReference; lastKnownFileType = text.plist.xml; path = Info.plist; sourceTree = "<group>"; };
		98BDE964267A4AD40051DD85 /* leboncoinTests.xctest */ = {isa = PBXFileReference; explicitFileType = wrapper.cfbundle; includeInIndex = 0; path = leboncoinTests.xctest; sourceTree = BUILT_PRODUCTS_DIR; };
		98BDE968267A4AD40051DD85 /* leboncoinTests.swift */ = {isa = PBXFileReference; lastKnownFileType = sourcecode.swift; path = leboncoinTests.swift; sourceTree = "<group>"; };
		98BDE96A267A4AD40051DD85 /* Info.plist */ = {isa = PBXFileReference; lastKnownFileType = text.plist.xml; path = Info.plist; sourceTree = "<group>"; };
		98BDE96F267A4AD40051DD85 /* leboncoinUITests.xctest */ = {isa = PBXFileReference; explicitFileType = wrapper.cfbundle; includeInIndex = 0; path = leboncoinUITests.xctest; sourceTree = BUILT_PRODUCTS_DIR; };
		98BDE973267A4AD40051DD85 /* leboncoinUITests.swift */ = {isa = PBXFileReference; lastKnownFileType = sourcecode.swift; path = leboncoinUITests.swift; sourceTree = "<group>"; };
		98BDE975267A4AD40051DD85 /* Info.plist */ = {isa = PBXFileReference; lastKnownFileType = text.plist.xml; path = Info.plist; sourceTree = "<group>"; };
		98BDE981267A4C440051DD85 /* CategoriesPresenter.swift */ = {isa = PBXFileReference; lastKnownFileType = sourcecode.swift; path = CategoriesPresenter.swift; sourceTree = "<group>"; };
		98BDE982267A4C440051DD85 /* CategoriesWorker.swift */ = {isa = PBXFileReference; lastKnownFileType = sourcecode.swift; path = CategoriesWorker.swift; sourceTree = "<group>"; };
		98BDE983267A4C440051DD85 /* CategoriesRouter.swift */ = {isa = PBXFileReference; lastKnownFileType = sourcecode.swift; path = CategoriesRouter.swift; sourceTree = "<group>"; };
		98BDE984267A4C440051DD85 /* CategoriesModels.swift */ = {isa = PBXFileReference; lastKnownFileType = sourcecode.swift; path = CategoriesModels.swift; sourceTree = "<group>"; };
		98BDE985267A4C440051DD85 /* CategoriesViewController.swift */ = {isa = PBXFileReference; lastKnownFileType = sourcecode.swift; path = CategoriesViewController.swift; sourceTree = "<group>"; };
		98BDE986267A4C440051DD85 /* CategoriesInteractor.swift */ = {isa = PBXFileReference; lastKnownFileType = sourcecode.swift; path = CategoriesInteractor.swift; sourceTree = "<group>"; };
/* End PBXFileReference section */

/* Begin PBXFrameworksBuildPhase section */
		98BDE94B267A4AD10051DD85 /* Frameworks */ = {
			isa = PBXFrameworksBuildPhase;
			buildActionMask = 2147483647;
			files = (
			);
			runOnlyForDeploymentPostprocessing = 0;
		};
		98BDE961267A4AD40051DD85 /* Frameworks */ = {
			isa = PBXFrameworksBuildPhase;
			buildActionMask = 2147483647;
			files = (
			);
			runOnlyForDeploymentPostprocessing = 0;
		};
		98BDE96C267A4AD40051DD85 /* Frameworks */ = {
			isa = PBXFrameworksBuildPhase;
			buildActionMask = 2147483647;
			files = (
			);
			runOnlyForDeploymentPostprocessing = 0;
		};
/* End PBXFrameworksBuildPhase section */

/* Begin PBXGroup section */
		98BDE945267A4AD10051DD85 = {
			isa = PBXGroup;
			children = (
				98BDE950267A4AD10051DD85 /* leboncoin */,
				98BDE967267A4AD40051DD85 /* leboncoinTests */,
				98BDE972267A4AD40051DD85 /* leboncoinUITests */,
				98BDE94F267A4AD10051DD85 /* Products */,
			);
			sourceTree = "<group>";
		};
		98BDE94F267A4AD10051DD85 /* Products */ = {
			isa = PBXGroup;
			children = (
				98BDE94E267A4AD10051DD85 /* leboncoin.app */,
				98BDE964267A4AD40051DD85 /* leboncoinTests.xctest */,
				98BDE96F267A4AD40051DD85 /* leboncoinUITests.xctest */,
			);
			name = Products;
			sourceTree = "<group>";
		};
		98BDE950267A4AD10051DD85 /* leboncoin */ = {
			isa = PBXGroup;
			children = (
				98BDE98D267A4C4D0051DD85 /* Categories */,
				98BDE951267A4AD10051DD85 /* AppDelegate.swift */,
				98BDE953267A4AD10051DD85 /* SceneDelegate.swift */,
				98BDE955267A4AD10051DD85 /* ViewController.swift */,
				98BDE957267A4AD10051DD85 /* Main.storyboard */,
				98BDE95A267A4AD40051DD85 /* Assets.xcassets */,
				98BDE95C267A4AD40051DD85 /* LaunchScreen.storyboard */,
				98BDE95F267A4AD40051DD85 /* Info.plist */,
			);
			path = leboncoin;
			sourceTree = "<group>";
		};
		98BDE967267A4AD40051DD85 /* leboncoinTests */ = {
			isa = PBXGroup;
			children = (
				98BDE968267A4AD40051DD85 /* leboncoinTests.swift */,
				98BDE96A267A4AD40051DD85 /* Info.plist */,
			);
			path = leboncoinTests;
			sourceTree = "<group>";
		};
		98BDE972267A4AD40051DD85 /* leboncoinUITests */ = {
			isa = PBXGroup;
			children = (
				98BDE973267A4AD40051DD85 /* leboncoinUITests.swift */,
				98BDE975267A4AD40051DD85 /* Info.plist */,
			);
			path = leboncoinUITests;
			sourceTree = "<group>";
		};
		98BDE98D267A4C4D0051DD85 /* Categories */ = {
			isa = PBXGroup;
			children = (
				98BDE981267A4C440051DD85 /* CategoriesPresenter.swift */,
				98BDE982267A4C440051DD85 /* CategoriesWorker.swift */,
				98BDE983267A4C440051DD85 /* CategoriesRouter.swift */,
				98BDE984267A4C440051DD85 /* CategoriesModels.swift */,
				98BDE985267A4C440051DD85 /* CategoriesViewController.swift */,
				98BDE986267A4C440051DD85 /* CategoriesInteractor.swift */,
			);
			path = Categories;
			sourceTree = "<group>";
		};
/* End PBXGroup section */

/* Begin PBXNativeTarget section */
		98BDE94D267A4AD10051DD85 /* leboncoin */ = {
			isa = PBXNativeTarget;
			buildConfigurationList = 98BDE978267A4AD40051DD85 /* Build configuration list for PBXNativeTarget "leboncoin" */;
			buildPhases = (
				98BDE94A267A4AD10051DD85 /* Sources */,
				98BDE94B267A4AD10051DD85 /* Frameworks */,
				98BDE94C267A4AD10051DD85 /* Resources */,
			);
			buildRules = (
			);
			dependencies = (
			);
			name = leboncoin;
			productName = leboncoin;
			productReference = 98BDE94E267A4AD10051DD85 /* leboncoin.app */;
			productType = "com.apple.product-type.application";
		};
		98BDE963267A4AD40051DD85 /* leboncoinTests */ = {
			isa = PBXNativeTarget;
			buildConfigurationList = 98BDE97B267A4AD40051DD85 /* Build configuration list for PBXNativeTarget "leboncoinTests" */;
			buildPhases = (
				98BDE960267A4AD40051DD85 /* Sources */,
				98BDE961267A4AD40051DD85 /* Frameworks */,
				98BDE962267A4AD40051DD85 /* Resources */,
			);
			buildRules = (
			);
			dependencies = (
				98BDE966267A4AD40051DD85 /* PBXTargetDependency */,
			);
			name = leboncoinTests;
			productName = leboncoinTests;
			productReference = 98BDE964267A4AD40051DD85 /* leboncoinTests.xctest */;
			productType = "com.apple.product-type.bundle.unit-test";
		};
		98BDE96E267A4AD40051DD85 /* leboncoinUITests */ = {
			isa = PBXNativeTarget;
			buildConfigurationList = 98BDE97E267A4AD40051DD85 /* Build configuration list for PBXNativeTarget "leboncoinUITests" */;
			buildPhases = (
				98BDE96B267A4AD40051DD85 /* Sources */,
				98BDE96C267A4AD40051DD85 /* Frameworks */,
				98BDE96D267A4AD40051DD85 /* Resources */,
			);
			buildRules = (
			);
			dependencies = (
				98BDE971267A4AD40051DD85 /* PBXTargetDependency */,
			);
			name = leboncoinUITests;
			productName = leboncoinUITests;
			productReference = 98BDE96F267A4AD40051DD85 /* leboncoinUITests.xctest */;
			productType = "com.apple.product-type.bundle.ui-testing";
		};
/* End PBXNativeTarget section */

/* Begin PBXProject section */
		98BDE946267A4AD10051DD85 /* Project object */ = {
			isa = PBXProject;
			attributes = {
				LastSwiftUpdateCheck = 1250;
				LastUpgradeCheck = 1250;
				TargetAttributes = {
					98BDE94D267A4AD10051DD85 = {
						CreatedOnToolsVersion = 12.5;
					};
					98BDE963267A4AD40051DD85 = {
						CreatedOnToolsVersion = 12.5;
						TestTargetID = 98BDE94D267A4AD10051DD85;
					};
					98BDE96E267A4AD40051DD85 = {
						CreatedOnToolsVersion = 12.5;
						TestTargetID = 98BDE94D267A4AD10051DD85;
					};
				};
			};
			buildConfigurationList = 98BDE949267A4AD10051DD85 /* Build configuration list for PBXProject "leboncoin" */;
			compatibilityVersion = "Xcode 9.3";
			developmentRegion = en;
			hasScannedForEncodings = 0;
			knownRegions = (
				en,
				Base,
			);
			mainGroup = 98BDE945267A4AD10051DD85;
			productRefGroup = 98BDE94F267A4AD10051DD85 /* Products */;
			projectDirPath = "";
			projectRoot = "";
			targets = (
				98BDE94D267A4AD10051DD85 /* leboncoin */,
				98BDE963267A4AD40051DD85 /* leboncoinTests */,
				98BDE96E267A4AD40051DD85 /* leboncoinUITests */,
			);
		};
/* End PBXProject section */

/* Begin PBXResourcesBuildPhase section */
		98BDE94C267A4AD10051DD85 /* Resources */ = {
			isa = PBXResourcesBuildPhase;
			buildActionMask = 2147483647;
			files = (
				98BDE95E267A4AD40051DD85 /* LaunchScreen.storyboard in Resources */,
				98BDE95B267A4AD40051DD85 /* Assets.xcassets in Resources */,
				98BDE959267A4AD10051DD85 /* Main.storyboard in Resources */,
			);
			runOnlyForDeploymentPostprocessing = 0;
		};
		98BDE962267A4AD40051DD85 /* Resources */ = {
			isa = PBXResourcesBuildPhase;
			buildActionMask = 2147483647;
			files = (
			);
			runOnlyForDeploymentPostprocessing = 0;
		};
		98BDE96D267A4AD40051DD85 /* Resources */ = {
			isa = PBXResourcesBuildPhase;
			buildActionMask = 2147483647;
			files = (
			);
			runOnlyForDeploymentPostprocessing = 0;
		};
/* End PBXResourcesBuildPhase section */

/* Begin PBXSourcesBuildPhase section */
		98BDE94A267A4AD10051DD85 /* Sources */ = {
			isa = PBXSourcesBuildPhase;
			buildActionMask = 2147483647;
			files = (
				98BDE98C267A4C440051DD85 /* CategoriesInteractor.swift in Sources */,
				98BDE98A267A4C440051DD85 /* CategoriesModels.swift in Sources */,
				98BDE956267A4AD10051DD85 /* ViewController.swift in Sources */,
				98BDE952267A4AD10051DD85 /* AppDelegate.swift in Sources */,
				98BDE989267A4C440051DD85 /* CategoriesRouter.swift in Sources */,
				98BDE988267A4C440051DD85 /* CategoriesWorker.swift in Sources */,
				98BDE987267A4C440051DD85 /* CategoriesPresenter.swift in Sources */,
				98BDE98B267A4C440051DD85 /* CategoriesViewController.swift in Sources */,
				98BDE954267A4AD10051DD85 /* SceneDelegate.swift in Sources */,
			);
			runOnlyForDeploymentPostprocessing = 0;
		};
		98BDE960267A4AD40051DD85 /* Sources */ = {
			isa = PBXSourcesBuildPhase;
			buildActionMask = 2147483647;
			files = (
				98BDE969267A4AD40051DD85 /* leboncoinTests.swift in Sources */,
			);
			runOnlyForDeploymentPostprocessing = 0;
		};
		98BDE96B267A4AD40051DD85 /* Sources */ = {
			isa = PBXSourcesBuildPhase;
			buildActionMask = 2147483647;
			files = (
				98BDE974267A4AD40051DD85 /* leboncoinUITests.swift in Sources */,
			);
			runOnlyForDeploymentPostprocessing = 0;
		};
/* End PBXSourcesBuildPhase section */

/* Begin PBXTargetDependency section */
		98BDE966267A4AD40051DD85 /* PBXTargetDependency */ = {
			isa = PBXTargetDependency;
			target = 98BDE94D267A4AD10051DD85 /* leboncoin */;
			targetProxy = 98BDE965267A4AD40051DD85 /* PBXContainerItemProxy */;
		};
		98BDE971267A4AD40051DD85 /* PBXTargetDependency */ = {
			isa = PBXTargetDependency;
			target = 98BDE94D267A4AD10051DD85 /* leboncoin */;
			targetProxy = 98BDE970267A4AD40051DD85 /* PBXContainerItemProxy */;
		};
/* End PBXTargetDependency section */

/* Begin PBXVariantGroup section */
		98BDE957267A4AD10051DD85 /* Main.storyboard */ = {
			isa = PBXVariantGroup;
			children = (
				98BDE958267A4AD10051DD85 /* Base */,
			);
			name = Main.storyboard;
			sourceTree = "<group>";
		};
		98BDE95C267A4AD40051DD85 /* LaunchScreen.storyboard */ = {
			isa = PBXVariantGroup;
			children = (
				98BDE95D267A4AD40051DD85 /* Base */,
			);
			name = LaunchScreen.storyboard;
			sourceTree = "<group>";
		};
/* End PBXVariantGroup section */

/* Begin XCBuildConfiguration section */
		98BDE976267A4AD40051DD85 /* Debug */ = {
			isa = XCBuildConfiguration;
			buildSettings = {
				ALWAYS_SEARCH_USER_PATHS = NO;
				CLANG_ANALYZER_NONNULL = YES;
				CLANG_ANALYZER_NUMBER_OBJECT_CONVERSION = YES_AGGRESSIVE;
				CLANG_CXX_LANGUAGE_STANDARD = "gnu++14";
				CLANG_CXX_LIBRARY = "libc++";
				CLANG_ENABLE_MODULES = YES;
				CLANG_ENABLE_OBJC_ARC = YES;
				CLANG_ENABLE_OBJC_WEAK = YES;
				CLANG_WARN_BLOCK_CAPTURE_AUTORELEASING = YES;
				CLANG_WARN_BOOL_CONVERSION = YES;
				CLANG_WARN_COMMA = YES;
				CLANG_WARN_CONSTANT_CONVERSION = YES;
				CLANG_WARN_DEPRECATED_OBJC_IMPLEMENTATIONS = YES;
				CLANG_WARN_DIRECT_OBJC_ISA_USAGE = YES_ERROR;
				CLANG_WARN_DOCUMENTATION_COMMENTS = YES;
				CLANG_WARN_EMPTY_BODY = YES;
				CLANG_WARN_ENUM_CONVERSION = YES;
				CLANG_WARN_INFINITE_RECURSION = YES;
				CLANG_WARN_INT_CONVERSION = YES;
				CLANG_WARN_NON_LITERAL_NULL_CONVERSION = YES;
				CLANG_WARN_OBJC_IMPLICIT_RETAIN_SELF = YES;
				CLANG_WARN_OBJC_LITERAL_CONVERSION = YES;
				CLANG_WARN_OBJC_ROOT_CLASS = YES_ERROR;
				CLANG_WARN_QUOTED_INCLUDE_IN_FRAMEWORK_HEADER = YES;
				CLANG_WARN_RANGE_LOOP_ANALYSIS = YES;
				CLANG_WARN_STRICT_PROTOTYPES = YES;
				CLANG_WARN_SUSPICIOUS_MOVE = YES;
				CLANG_WARN_UNGUARDED_AVAILABILITY = YES_AGGRESSIVE;
				CLANG_WARN_UNREACHABLE_CODE = YES;
				CLANG_WARN__DUPLICATE_METHOD_MATCH = YES;
				COPY_PHASE_STRIP = NO;
				DEBUG_INFORMATION_FORMAT = dwarf;
				ENABLE_STRICT_OBJC_MSGSEND = YES;
				ENABLE_TESTABILITY = YES;
				GCC_C_LANGUAGE_STANDARD = gnu11;
				GCC_DYNAMIC_NO_PIC = NO;
				GCC_NO_COMMON_BLOCKS = YES;
				GCC_OPTIMIZATION_LEVEL = 0;
				GCC_PREPROCESSOR_DEFINITIONS = (
					"DEBUG=1",
					"$(inherited)",
				);
				GCC_WARN_64_TO_32_BIT_CONVERSION = YES;
				GCC_WARN_ABOUT_RETURN_TYPE = YES_ERROR;
				GCC_WARN_UNDECLARED_SELECTOR = YES;
				GCC_WARN_UNINITIALIZED_AUTOS = YES_AGGRESSIVE;
				GCC_WARN_UNUSED_FUNCTION = YES;
				GCC_WARN_UNUSED_VARIABLE = YES;
				IPHONEOS_DEPLOYMENT_TARGET = 14.5;
				MTL_ENABLE_DEBUG_INFO = INCLUDE_SOURCE;
				MTL_FAST_MATH = YES;
				ONLY_ACTIVE_ARCH = YES;
				SDKROOT = iphoneos;
				SWIFT_ACTIVE_COMPILATION_CONDITIONS = DEBUG;
				SWIFT_OPTIMIZATION_LEVEL = "-Onone";
			};
			name = Debug;
		};
		98BDE977267A4AD40051DD85 /* Release */ = {
			isa = XCBuildConfiguration;
			buildSettings = {
				ALWAYS_SEARCH_USER_PATHS = NO;
				CLANG_ANALYZER_NONNULL = YES;
				CLANG_ANALYZER_NUMBER_OBJECT_CONVERSION = YES_AGGRESSIVE;
				CLANG_CXX_LANGUAGE_STANDARD = "gnu++14";
				CLANG_CXX_LIBRARY = "libc++";
				CLANG_ENABLE_MODULES = YES;
				CLANG_ENABLE_OBJC_ARC = YES;
				CLANG_ENABLE_OBJC_WEAK = YES;
				CLANG_WARN_BLOCK_CAPTURE_AUTORELEASING = YES;
				CLANG_WARN_BOOL_CONVERSION = YES;
				CLANG_WARN_COMMA = YES;
				CLANG_WARN_CONSTANT_CONVERSION = YES;
				CLANG_WARN_DEPRECATED_OBJC_IMPLEMENTATIONS = YES;
				CLANG_WARN_DIRECT_OBJC_ISA_USAGE = YES_ERROR;
				CLANG_WARN_DOCUMENTATION_COMMENTS = YES;
				CLANG_WARN_EMPTY_BODY = YES;
				CLANG_WARN_ENUM_CONVERSION = YES;
				CLANG_WARN_INFINITE_RECURSION = YES;
				CLANG_WARN_INT_CONVERSION = YES;
				CLANG_WARN_NON_LITERAL_NULL_CONVERSION = YES;
				CLANG_WARN_OBJC_IMPLICIT_RETAIN_SELF = YES;
				CLANG_WARN_OBJC_LITERAL_CONVERSION = YES;
				CLANG_WARN_OBJC_ROOT_CLASS = YES_ERROR;
				CLANG_WARN_QUOTED_INCLUDE_IN_FRAMEWORK_HEADER = YES;
				CLANG_WARN_RANGE_LOOP_ANALYSIS = YES;
				CLANG_WARN_STRICT_PROTOTYPES = YES;
				CLANG_WARN_SUSPICIOUS_MOVE = YES;
				CLANG_WARN_UNGUARDED_AVAILABILITY = YES_AGGRESSIVE;
				CLANG_WARN_UNREACHABLE_CODE = YES;
				CLANG_WARN__DUPLICATE_METHOD_MATCH = YES;
				COPY_PHASE_STRIP = NO;
				DEBUG_INFORMATION_FORMAT = "dwarf-with-dsym";
				ENABLE_NS_ASSERTIONS = NO;
				ENABLE_STRICT_OBJC_MSGSEND = YES;
				GCC_C_LANGUAGE_STANDARD = gnu11;
				GCC_NO_COMMON_BLOCKS = YES;
				GCC_WARN_64_TO_32_BIT_CONVERSION = YES;
				GCC_WARN_ABOUT_RETURN_TYPE = YES_ERROR;
				GCC_WARN_UNDECLARED_SELECTOR = YES;
				GCC_WARN_UNINITIALIZED_AUTOS = YES_AGGRESSIVE;
				GCC_WARN_UNUSED_FUNCTION = YES;
				GCC_WARN_UNUSED_VARIABLE = YES;
				IPHONEOS_DEPLOYMENT_TARGET = 14.5;
				MTL_ENABLE_DEBUG_INFO = NO;
				MTL_FAST_MATH = YES;
				SDKROOT = iphoneos;
				SWIFT_COMPILATION_MODE = wholemodule;
				SWIFT_OPTIMIZATION_LEVEL = "-O";
				VALIDATE_PRODUCT = YES;
			};
			name = Release;
		};
		98BDE979267A4AD40051DD85 /* Debug */ = {
			isa = XCBuildConfiguration;
			buildSettings = {
				ASSETCATALOG_COMPILER_APPICON_NAME = AppIcon;
				ASSETCATALOG_COMPILER_GLOBAL_ACCENT_COLOR_NAME = AccentColor;
				CODE_SIGN_STYLE = Automatic;
				INFOPLIST_FILE = leboncoin/Info.plist;
				LD_RUNPATH_SEARCH_PATHS = (
					"$(inherited)",
					"@executable_path/Frameworks",
				);
				PRODUCT_BUNDLE_IDENTIFIER = ltiss.leboncoin;
				PRODUCT_NAME = "$(TARGET_NAME)";
				SWIFT_VERSION = 5.0;
				TARGETED_DEVICE_FAMILY = "1,2";
			};
			name = Debug;
		};
		98BDE97A267A4AD40051DD85 /* Release */ = {
			isa = XCBuildConfiguration;
			buildSettings = {
				ASSETCATALOG_COMPILER_APPICON_NAME = AppIcon;
				ASSETCATALOG_COMPILER_GLOBAL_ACCENT_COLOR_NAME = AccentColor;
				CODE_SIGN_STYLE = Automatic;
				INFOPLIST_FILE = leboncoin/Info.plist;
				LD_RUNPATH_SEARCH_PATHS = (
					"$(inherited)",
					"@executable_path/Frameworks",
				);
				PRODUCT_BUNDLE_IDENTIFIER = ltiss.leboncoin;
				PRODUCT_NAME = "$(TARGET_NAME)";
				SWIFT_VERSION = 5.0;
				TARGETED_DEVICE_FAMILY = "1,2";
			};
			name = Release;
		};
		98BDE97C267A4AD40051DD85 /* Debug */ = {
			isa = XCBuildConfiguration;
			buildSettings = {
				ALWAYS_EMBED_SWIFT_STANDARD_LIBRARIES = YES;
				BUNDLE_LOADER = "$(TEST_HOST)";
				CODE_SIGN_STYLE = Automatic;
				INFOPLIST_FILE = leboncoinTests/Info.plist;
				IPHONEOS_DEPLOYMENT_TARGET = 14.5;
				LD_RUNPATH_SEARCH_PATHS = (
					"$(inherited)",
					"@executable_path/Frameworks",
					"@loader_path/Frameworks",
				);
				PRODUCT_BUNDLE_IDENTIFIER = ltiss.leboncoinTests;
				PRODUCT_NAME = "$(TARGET_NAME)";
				SWIFT_VERSION = 5.0;
				TARGETED_DEVICE_FAMILY = "1,2";
				TEST_HOST = "$(BUILT_PRODUCTS_DIR)/leboncoin.app/leboncoin";
			};
			name = Debug;
		};
		98BDE97D267A4AD40051DD85 /* Release */ = {
			isa = XCBuildConfiguration;
			buildSettings = {
				ALWAYS_EMBED_SWIFT_STANDARD_LIBRARIES = YES;
				BUNDLE_LOADER = "$(TEST_HOST)";
				CODE_SIGN_STYLE = Automatic;
				INFOPLIST_FILE = leboncoinTests/Info.plist;
				IPHONEOS_DEPLOYMENT_TARGET = 14.5;
				LD_RUNPATH_SEARCH_PATHS = (
					"$(inherited)",
					"@executable_path/Frameworks",
					"@loader_path/Frameworks",
				);
				PRODUCT_BUNDLE_IDENTIFIER = ltiss.leboncoinTests;
				PRODUCT_NAME = "$(TARGET_NAME)";
				SWIFT_VERSION = 5.0;
				TARGETED_DEVICE_FAMILY = "1,2";
				TEST_HOST = "$(BUILT_PRODUCTS_DIR)/leboncoin.app/leboncoin";
			};
			name = Release;
		};
		98BDE97F267A4AD40051DD85 /* Debug */ = {
			isa = XCBuildConfiguration;
			buildSettings = {
				ALWAYS_EMBED_SWIFT_STANDARD_LIBRARIES = YES;
				CODE_SIGN_STYLE = Automatic;
				INFOPLIST_FILE = leboncoinUITests/Info.plist;
				LD_RUNPATH_SEARCH_PATHS = (
					"$(inherited)",
					"@executable_path/Frameworks",
					"@loader_path/Frameworks",
				);
				PRODUCT_BUNDLE_IDENTIFIER = ltiss.leboncoinUITests;
				PRODUCT_NAME = "$(TARGET_NAME)";
				SWIFT_VERSION = 5.0;
				TARGETED_DEVICE_FAMILY = "1,2";
				TEST_TARGET_NAME = leboncoin;
			};
			name = Debug;
		};
		98BDE980267A4AD40051DD85 /* Release */ = {
			isa = XCBuildConfiguration;
			buildSettings = {
				ALWAYS_EMBED_SWIFT_STANDARD_LIBRARIES = YES;
				CODE_SIGN_STYLE = Automatic;
				INFOPLIST_FILE = leboncoinUITests/Info.plist;
				LD_RUNPATH_SEARCH_PATHS = (
					"$(inherited)",
					"@executable_path/Frameworks",
					"@loader_path/Frameworks",
				);
				PRODUCT_BUNDLE_IDENTIFIER = ltiss.leboncoinUITests;
				PRODUCT_NAME = "$(TARGET_NAME)";
				SWIFT_VERSION = 5.0;
				TARGETED_DEVICE_FAMILY = "1,2";
				TEST_TARGET_NAME = leboncoin;
			};
			name = Release;
		};
/* End XCBuildConfiguration section */

/* Begin XCConfigurationList section */
		98BDE949267A4AD10051DD85 /* Build configuration list for PBXProject "leboncoin" */ = {
			isa = XCConfigurationList;
			buildConfigurations = (
				98BDE976267A4AD40051DD85 /* Debug */,
				98BDE977267A4AD40051DD85 /* Release */,
			);
			defaultConfigurationIsVisible = 0;
			defaultConfigurationName = Release;
		};
		98BDE978267A4AD40051DD85 /* Build configuration list for PBXNativeTarget "leboncoin" */ = {
			isa = XCConfigurationList;
			buildConfigurations = (
				98BDE979267A4AD40051DD85 /* Debug */,
				98BDE97A267A4AD40051DD85 /* Release */,
			);
			defaultConfigurationIsVisible = 0;
			defaultConfigurationName = Release;
		};
		98BDE97B267A4AD40051DD85 /* Build configuration list for PBXNativeTarget "leboncoinTests" */ = {
			isa = XCConfigurationList;
			buildConfigurations = (
				98BDE97C267A4AD40051DD85 /* Debug */,
				98BDE97D267A4AD40051DD85 /* Release */,
			);
			defaultConfigurationIsVisible = 0;
			defaultConfigurationName = Release;
		};
		98BDE97E267A4AD40051DD85 /* Build configuration list for PBXNativeTarget "leboncoinUITests" */ = {
			isa = XCConfigurationList;
			buildConfigurations = (
				98BDE97F267A4AD40051DD85 /* Debug */,
				98BDE980267A4AD40051DD85 /* Release */,
			);
			defaultConfigurationIsVisible = 0;
			defaultConfigurationName = Release;
		};
/* End XCConfigurationList section */
	};
	rootObject = 98BDE946267A4AD10051DD85 /* Project object */;
}
